
Microsoft Visual Studio Solution File, Format Version 12.00
# Visual Studio 15
VisualStudioVersion = 15.0.28010.2046
MinimumVisualStudioVersion = 10.0.40219.1
Project("{FAE04EC0-301F-11D3-BF4B-00C04F79EFBC}") = "FastCollectionView.Android", "FastCollectionView\FastCollectionView.Android\FastCollectionView.Android.csproj", "{A25A0002-A767-4554-A6D5-31D91E7F3545}"
EndProject
Project("{FAE04EC0-301F-11D3-BF4B-00C04F79EFBC}") = "FastCollectionView.iOS", "FastCollectionView\FastCollectionView.iOS\FastCollectionView.iOS.csproj", "{EBC99883-B9E5-45F7-826B-81ADFF29E100}"
EndProject
Project("{9A19103F-16F7-4668-BE54-9A1E7A4F7556}") = "FastCollectionView", "FastCollectionView\FastCollectionView\FastCollectionView.csproj", "{C8E7C446-E876-4C4D-B3D8-A3A28942AB6D}"
EndProject
Global
	GlobalSection(SolutionConfigurationPlatforms) = preSolution
		Ad-Hoc|Any CPU = Ad-Hoc|Any CPU
		Ad-Hoc|iPhone = Ad-Hoc|iPhone
		Ad-Hoc|iPhoneSimulator = Ad-Hoc|iPhoneSimulator
		AppStore|Any CPU = AppStore|Any CPU
		AppStore|iPhone = AppStore|iPhone
		AppStore|iPhoneSimulator = AppStore|iPhoneSimulator
		Debug|Any CPU = Debug|Any CPU
		Debug|iPhone = Debug|iPhone
		Debug|iPhoneSimulator = Debug|iPhoneSimulator
		Release|Any CPU = Release|Any CPU
		Release|iPhone = Release|iPhone
		Release|iPhoneSimulator = Release|iPhoneSimulator
	EndGlobalSection
	GlobalSection(ProjectConfigurationPlatforms) = postSolution
		{A25A0002-A767-4554-A6D5-31D91E7F3545}.Ad-Hoc|Any CPU.ActiveCfg = Release|Any CPU
		{A25A0002-A767-4554-A6D5-31D91E7F3545}.Ad-Hoc|Any CPU.Build.0 = Release|Any CPU
		{A25A0002-A767-4554-A6D5-31D91E7F3545}.Ad-Hoc|Any CPU.Deploy.0 = Release|Any CPU
		{A25A0002-A767-4554-A6D5-31D91E7F3545}.Ad-Hoc|iPhone.ActiveCfg = Release|Any CPU
		{A25A0002-A767-4554-A6D5-31D91E7F3545}.Ad-Hoc|iPhone.Build.0 = Release|Any CPU
		{A25A0002-A767-4554-A6D5-31D91E7F3545}.Ad-Hoc|iPhone.Deploy.0 = Release|Any CPU
		{A25A0002-A767-4554-A6D5-31D91E7F3545}.Ad-Hoc|iPhoneSimulator.ActiveCfg = Release|Any CPU
		{A25A0002-A767-4554-A6D5-31D91E7F3545}.Ad-Hoc|iPhoneSimulator.Build.0 = Release|Any CPU
		{A25A0002-A767-4554-A6D5-31D91E7F3545}.Ad-Hoc|iPhoneSimulator.Deploy.0 = Release|Any CPU
		{A25A0002-A767-4554-A6D5-31D91E7F3545}.AppStore|Any CPU.ActiveCfg = Release|Any CPU
		{A25A0002-A767-4554-A6D5-31D91E7F3545}.AppStore|Any CPU.Build.0 = Release|Any CPU
		{A25A0002-A767-4554-A6D5-31D91E7F3545}.AppStore|Any CPU.Deploy.0 = Release|Any CPU
		{A25A0002-A767-4554-A6D5-31D91E7F3545}.AppStore|iPhone.ActiveCfg = Release|Any CPU
		{A25A0002-A767-4554-A6D5-31D91E7F3545}.AppStore|iPhone.Build.0 = Release|Any CPU
		{A25A0002-A767-4554-A6D5-31D91E7F3545}.AppStore|iPhone.Deploy.0 = Release|Any CPU
		{A25A0002-A767-4554-A6D5-31D91E7F3545}.AppStore|iPhoneSimulator.ActiveCfg = Release|Any CPU
		{A25A0002-A767-4554-A6D5-31D91E7F3545}.AppStore|iPhoneSimulator.Build.0 = Release|Any CPU
		{A25A0002-A767-4554-A6D5-31D91E7F3545}.AppStore|iPhoneSimulator.Deploy.0 = Release|Any CPU
		{A25A0002-A767-4554-A6D5-31D91E7F3545}.Debug|Any CPU.ActiveCfg = Debug|Any CPU
		{A25A0002-A767-4554-A6D5-31D91E7F3545}.Debug|Any CPU.Build.0 = Debug|Any CPU
		{A25A0002-A767-4554-A6D5-31D91E7F3545}.Debug|Any CPU.Deploy.0 = Debug|Any CPU
		{A25A0002-A767-4554-A6D5-31D91E7F3545}.Debug|iPhone.ActiveCfg = Debug|Any CPU
		{A25A0002-A767-4554-A6D5-31D91E7F3545}.Debug|iPhone.Build.0 = Debug|Any CPU
		{A25A0002-A767-4554-A6D5-31D91E7F3545}.Debug|iPhone.Deploy.0 = Debug|Any CPU
		{A25A0002-A767-4554-A6D5-31D91E7F3545}.Debug|iPhoneSimulator.ActiveCfg = Debug|Any CPU
		{A25A0002-A767-4554-A6D5-31D91E7F3545}.Debug|iPhoneSimulator.Build.0 = Debug|Any CPU
		{A25A0002-A767-4554-A6D5-31D91E7F3545}.Debug|iPhoneSimulator.Deploy.0 = Debug|Any CPU
		{A25A0002-A767-4554-A6D5-31D91E7F3545}.Release|Any CPU.ActiveCfg = Release|Any CPU
		{A25A0002-A767-4554-A6D5-31D91E7F3545}.Release|Any CPU.Build.0 = Release|Any CPU
		{A25A0002-A767-4554-A6D5-31D91E7F3545}.Release|Any CPU.Deploy.0 = Release|Any CPU
		{A25A0002-A767-4554-A6D5-31D91E7F3545}.Release|iPhone.ActiveCfg = Release|Any CPU
		{A25A0002-A767-4554-A6D5-31D91E7F3545}.Release|iPhone.Build.0 = Release|Any CPU
		{A25A0002-A767-4554-A6D5-31D91E7F3545}.Release|iPhone.Deploy.0 = Release|Any CPU
		{A25A0002-A767-4554-A6D5-31D91E7F3545}.Release|iPhoneSimulator.ActiveCfg = Release|Any CPU
		{A25A0002-A767-4554-A6D5-31D91E7F3545}.Release|iPhoneSimulator.Build.0 = Release|Any CPU
		{A25A0002-A767-4554-A6D5-31D91E7F3545}.Release|iPhoneSimulator.Deploy.0 = Release|Any CPU
		{EBC99883-B9E5-45F7-826B-81ADFF29E100}.Ad-Hoc|Any CPU.ActiveCfg = Ad-Hoc|iPhone
		{EBC99883-B9E5-45F7-826B-81ADFF29E100}.Ad-Hoc|Any CPU.Build.0 = Ad-Hoc|iPhone
		{EBC99883-B9E5-45F7-826B-81ADFF29E100}.Ad-Hoc|Any CPU.Deploy.0 = Ad-Hoc|iPhone
		{EBC99883-B9E5-45F7-826B-81ADFF29E100}.Ad-Hoc|iPhone.ActiveCfg = Ad-Hoc|iPhone
		{EBC99883-B9E5-45F7-826B-81ADFF29E100}.Ad-Hoc|iPhone.Build.0 = Ad-Hoc|iPhone
		{EBC99883-B9E5-45F7-826B-81ADFF29E100}.Ad-Hoc|iPhone.Deploy.0 = Ad-Hoc|iPhone
		{EBC99883-B9E5-45F7-826B-81ADFF29E100}.Ad-Hoc|iPhoneSimulator.ActiveCfg = Ad-Hoc|iPhoneSimulator
		{EBC99883-B9E5-45F7-826B-81ADFF29E100}.Ad-Hoc|iPhoneSimulator.Build.0 = Ad-Hoc|iPhoneSimulator
		{EBC99883-B9E5-45F7-826B-81ADFF29E100}.Ad-Hoc|iPhoneSimulator.Deploy.0 = Ad-Hoc|iPhoneSimulator
		{EBC99883-B9E5-45F7-826B-81ADFF29E100}.AppStore|Any CPU.ActiveCfg = AppStore|iPhone
		{EBC99883-B9E5-45F7-826B-81ADFF29E100}.AppStore|Any CPU.Build.0 = AppStore|iPhone
		{EBC99883-B9E5-45F7-826B-81ADFF29E100}.AppStore|Any CPU.Deploy.0 = AppStore|iPhone
		{EBC99883-B9E5-45F7-826B-81ADFF29E100}.AppStore|iPhone.ActiveCfg = AppStore|iPhone
		{EBC99883-B9E5-45F7-826B-81ADFF29E100}.AppStore|iPhone.Build.0 = AppStore|iPhone
		{EBC99883-B9E5-45F7-826B-81ADFF29E100}.AppStore|iPhone.Deploy.0 = AppStore|iPhone
		{EBC99883-B9E5-45F7-826B-81ADFF29E100}.AppStore|iPhoneSimulator.ActiveCfg = AppStore|iPhoneSimulator
		{EBC99883-B9E5-45F7-826B-81ADFF29E100}.AppStore|iPhoneSimulator.Build.0 = AppStore|iPhoneSimulator
		{EBC99883-B9E5-45F7-826B-81ADFF29E100}.AppStore|iPhoneSimulator.Deploy.0 = AppStore|iPhoneSimulator
		{EBC99883-B9E5-45F7-826B-81ADFF29E100}.Debug|Any CPU.ActiveCfg = Debug|iPhoneSimulator
		{EBC99883-B9E5-45F7-826B-81ADFF29E100}.Debug|Any CPU.Build.0 = Debug|iPhoneSimulator
		{EBC99883-B9E5-45F7-826B-81ADFF29E100}.Debug|Any CPU.Deploy.0 = Debug|iPhoneSimulator
		{EBC99883-B9E5-45F7-826B-81ADFF29E100}.Debug|iPhone.ActiveCfg = Debug|iPhone
		{EBC99883-B9E5-45F7-826B-81ADFF29E100}.Debug|iPhone.Build.0 = Debug|iPhone
		{EBC99883-B9E5-45F7-826B-81ADFF29E100}.Debug|iPhone.Deploy.0 = Debug|iPhone
		{EBC99883-B9E5-45F7-826B-81ADFF29E100}.Debug|iPhoneSimulator.ActiveCfg = Debug|iPhoneSimulator
		{EBC99883-B9E5-45F7-826B-81ADFF29E100}.Debug|iPhoneSimulator.Build.0 = Debug|iPhoneSimulator
		{EBC99883-B9E5-45F7-826B-81ADFF29E100}.Debug|iPhoneSimulator.Deploy.0 = Debug|iPhoneSimulator
		{EBC99883-B9E5-45F7-826B-81ADFF29E100}.Release|Any CPU.ActiveCfg = Release|iPhone
		{EBC99883-B9E5-45F7-826B-81ADFF29E100}.Release|Any CPU.Build.0 = Release|iPhone
		{EBC99883-B9E5-45F7-826B-81ADFF29E100}.Release|Any CPU.Deploy.0 = Release|iPhone
		{EBC99883-B9E5-45F7-826B-81ADFF29E100}.Release|iPhone.ActiveCfg = Release|iPhone
		{EBC99883-B9E5-45F7-826B-81ADFF29E100}.Release|iPhone.Build.0 = Release|iPhone
		{EBC99883-B9E5-45F7-826B-81ADFF29E100}.Release|iPhone.Deploy.0 = Release|iPhone
		{EBC99883-B9E5-45F7-826B-81ADFF29E100}.Release|iPhoneSimulator.ActiveCfg = Release|iPhoneSimulator
		{EBC99883-B9E5-45F7-826B-81ADFF29E100}.Release|iPhoneSimulator.Build.0 = Release|iPhoneSimulator
		{EBC99883-B9E5-45F7-826B-81ADFF29E100}.Release|iPhoneSimulator.Deploy.0 = Release|iPhoneSimulator
		{C8E7C446-E876-4C4D-B3D8-A3A28942AB6D}.Ad-Hoc|Any CPU.ActiveCfg = Debug|Any CPU
		{C8E7C446-E876-4C4D-B3D8-A3A28942AB6D}.Ad-Hoc|Any CPU.Build.0 = Debug|Any CPU
		{C8E7C446-E876-4C4D-B3D8-A3A28942AB6D}.Ad-Hoc|Any CPU.Deploy.0 = Debug|Any CPU
		{C8E7C446-E876-4C4D-B3D8-A3A28942AB6D}.Ad-Hoc|iPhone.ActiveCfg = Debug|Any CPU
		{C8E7C446-E876-4C4D-B3D8-A3A28942AB6D}.Ad-Hoc|iPhone.Build.0 = Debug|Any CPU
		{C8E7C446-E876-4C4D-B3D8-A3A28942AB6D}.Ad-Hoc|iPhone.Deploy.0 = Debug|Any CPU
		{C8E7C446-E876-4C4D-B3D8-A3A28942AB6D}.Ad-Hoc|iPhoneSimulator.ActiveCfg = Debug|Any CPU
		{C8E7C446-E876-4C4D-B3D8-A3A28942AB6D}.Ad-Hoc|iPhoneSimulator.Build.0 = Debug|Any CPU
		{C8E7C446-E876-4C4D-B3D8-A3A28942AB6D}.Ad-Hoc|iPhoneSimulator.Deploy.0 = Debug|Any CPU
		{C8E7C446-E876-4C4D-B3D8-A3A28942AB6D}.AppStore|Any CPU.ActiveCfg = Debug|Any CPU
		{C8E7C446-E876-4C4D-B3D8-A3A28942AB6D}.AppStore|Any CPU.Build.0 = Debug|Any CPU
		{C8E7C446-E876-4C4D-B3D8-A3A28942AB6D}.AppStore|Any CPU.Deploy.0 = Debug|Any CPU
		{C8E7C446-E876-4C4D-B3D8-A3A28942AB6D}.AppStore|iPhone.ActiveCfg = Debug|Any CPU
		{C8E7C446-E876-4C4D-B3D8-A3A28942AB6D}.AppStore|iPhone.Build.0 = Debug|Any CPU
		{C8E7C446-E876-4C4D-B3D8-A3A28942AB6D}.AppStore|iPhone.Deploy.0 = Debug|Any CPU
		{C8E7C446-E876-4C4D-B3D8-A3A28942AB6D}.AppStore|iPhoneSimulator.ActiveCfg = Debug|Any CPU
		{C8E7C446-E876-4C4D-B3D8-A3A28942AB6D}.AppStore|iPhoneSimulator.Build.0 = Debug|Any CPU
		{C8E7C446-E876-4C4D-B3D8-A3A28942AB6D}.AppStore|iPhoneSimulator.Deploy.0 = Debug|Any CPU
		{C8E7C446-E876-4C4D-B3D8-A3A28942AB6D}.Debug|Any CPU.ActiveCfg = Debug|Any CPU
		{C8E7C446-E876-4C4D-B3D8-A3A28942AB6D}.Debug|Any CPU.Build.0 = Debug|Any CPU
		{C8E7C446-E876-4C4D-B3D8-A3A28942AB6D}.Debug|Any CPU.Deploy.0 = Debug|Any CPU
		{C8E7C446-E876-4C4D-B3D8-A3A28942AB6D}.Debug|iPhone.ActiveCfg = Debug|Any CPU
		{C8E7C446-E876-4C4D-B3D8-A3A28942AB6D}.Debug|iPhone.Build.0 = Debug|Any CPU
		{C8E7C446-E876-4C4D-B3D8-A3A28942AB6D}.Debug|iPhone.Deploy.0 = Debug|Any CPU
		{C8E7C446-E876-4C4D-B3D8-A3A28942AB6D}.Debug|iPhoneSimulator.ActiveCfg = Debug|Any CPU
		{C8E7C446-E876-4C4D-B3D8-A3A28942AB6D}.Debug|iPhoneSimulator.Build.0 = Debug|Any CPU
		{C8E7C446-E876-4C4D-B3D8-A3A28942AB6D}.Debug|iPhoneSimulator.Deploy.0 = Debug|Any CPU
		{C8E7C446-E876-4C4D-B3D8-A3A28942AB6D}.Release|Any CPU.ActiveCfg = Release|Any CPU
		{C8E7C446-E876-4C4D-B3D8-A3A28942AB6D}.Release|Any CPU.Build.0 = Release|Any CPU
		{C8E7C446-E876-4C4D-B3D8-A3A28942AB6D}.Release|Any CPU.Deploy.0 = Release|Any CPU
		{C8E7C446-E876-4C4D-B3D8-A3A28942AB6D}.Release|iPhone.ActiveCfg = Release|Any CPU
		{C8E7C446-E876-4C4D-B3D8-A3A28942AB6D}.Release|iPhone.Build.0 = Release|Any CPU
		{C8E7C446-E876-4C4D-B3D8-A3A28942AB6D}.Release|iPhone.Deploy.0 = Release|Any CPU
		{C8E7C446-E876-4C4D-B3D8-A3A28942AB6D}.Release|iPhoneSimulator.ActiveCfg = Release|Any CPU
		{C8E7C446-E876-4C4D-B3D8-A3A28942AB6D}.Release|iPhoneSimulator.Build.0 = Release|Any CPU
		{C8E7C446-E876-4C4D-B3D8-A3A28942AB6D}.Release|iPhoneSimulator.Deploy.0 = Release|Any CPU
	EndGlobalSection
	GlobalSection(SolutionProperties) = preSolution
		HideSolutionNode = FALSE
	EndGlobalSection
	GlobalSection(ExtensibilityGlobals) = postSolution
		SolutionGuid = {2672A490-4CF7-411E-A4AA-063F3BCC7F07}
	EndGlobalSection
EndGlobal
